
Microsoft Visual Studio Solution File, Format Version 12.00
# Visual Studio Version 17
VisualStudioVersion = 17.7.34003.232
MinimumVisualStudioVersion = 10.0.40219.1
Project("{8BC9CEB8-8B4A-11D0-8D11-00A0C91BC942}") = "cuda_statistics", "cuda_statistics\cuda_statistics.vcxproj", "{FB793A21-5626-4116-9F76-B53B6E1F663E}"
EndProject
Global
	GlobalSection(SolutionConfigurationPlatforms) = preSolution
		Debug|x64 = Debug|x64
		Release|x64 = Release|x64
	EndGlobalSection
	GlobalSection(ProjectConfigurationPlatforms) = postSolution
		{FB793A21-5626-4116-9F76-B53B6E1F663E}.Debug|x64.ActiveCfg = Debug|x64
		{FB793A21-5626-4116-9F76-B53B6E1F663E}.Debug|x64.Build.0 = Debug|x64
		{FB793A21-5626-4116-9F76-B53B6E1F663E}.Release|x64.ActiveCfg = Release|x64
		{FB793A21-5626-4116-9F76-B53B6E1F663E}.Release|x64.Build.0 = Release|x64
	EndGlobalSection
	GlobalSection(SolutionProperties) = preSolution
		HideSolutionNode = FALSE
	EndGlobalSection
	GlobalSection(ExtensibilityGlobals) = postSolution
		SolutionGuid = {FEE4D22C-67FE-4D9A-9BF0-9D9E73F774D3}
	EndGlobalSection
EndGlobal
